
Microsoft Visual Studio Solution File, Format Version 12.00
# Visual Studio Version 17
VisualStudioVersion = 17.4.33205.214
MinimumVisualStudioVersion = 10.0.40219.1
Project("{9A19103F-16F7-4668-BE54-9A1E7A4F7556}") = "Optimization Methods", "Optimization Methods.csproj", "{59553905-C8B6-45F0-BE44-AF4F5A10B983}"
EndProject
Global
	GlobalSection(SolutionConfigurationPlatforms) = preSolution
		Debug|Any CPU = Debug|Any CPU
		Release|Any CPU = Release|Any CPU
	EndGlobalSection
	GlobalSection(ProjectConfigurationPlatforms) = postSolution
		{59553905-C8B6-45F0-BE44-AF4F5A10B983}.Debug|Any CPU.ActiveCfg = Debug|Any CPU
		{59553905-C8B6-45F0-BE44-AF4F5A10B983}.Debug|Any CPU.Build.0 = Debug|Any CPU
		{59553905-C8B6-45F0-BE44-AF4F5A10B983}.Release|Any CPU.ActiveCfg = Release|Any CPU
		{59553905-C8B6-45F0-BE44-AF4F5A10B983}.Release|Any CPU.Build.0 = Release|Any CPU
	EndGlobalSection
	GlobalSection(SolutionProperties) = preSolution
		HideSolutionNode = FALSE
	EndGlobalSection
	GlobalSection(ExtensibilityGlobals) = postSolution
		SolutionGuid = {AF305DFD-91ED-4135-B27B-73C1B89D5D32}
	EndGlobalSection
EndGlobal
